schema_version: 1
vendor_workspace: /opt/ipg/carmaker/linux64-15.1/autoracer_hooke/vendor_ws
package_manifest: dependencies/vendor-packages.tsv
package_count: 105
profiles:
  rc:
    repository_manifest: dependencies/autoracer-rc.repos
    package_manifest: dependencies/vendor-packages-rc.tsv
    package_count: 86
    excluded_repository: whale_components
    excluded_packages:
      - fixposition_driver_lib
      - fixposition_driver_msgs
      - fixposition_driver_ros2
      - fpsdk_common
      - fpsdk_ros2
      - nebula_core_common
      - nebula_core_decoders
      - nebula_core_hw_interfaces
      - nebula_core_ros
      - nebula_hesai
      - nebula_hesai_common
      - nebula_hesai_decoders
      - nebula_hesai_hw_interfaces
      - nebula_msgs
      - pandar_msgs
      - rtcm_msgs
      - sync_tooling_msgs
      - tier4_api_msgs
      - tier4_debug_msgs
    launcher_source:
      url: https://github.com/autowarefoundation/autoware_launch.git
      revision: 0f3946af9c5ec1cba491681b6927c6fcf577ed25
      content_patch: dependencies/patches/tier4_localization_launch_gnss_enabled.patch
repositories:
  - path: autoware/autoware_cmake
    url: https://github.com/autowarefoundation/autoware_cmake.git
    revision: 0e0794e034fe1b8fea6e3a0bbcb9d9b8cdba03ad
  - path: autoware/autoware_utils
    url: https://github.com/autowarefoundation/autoware_utils.git
    revision: f3c8f34264fe4812da406ab0390e65c95ec386ab
  - path: autoware/autoware_msgs
    url: https://github.com/autowarefoundation/autoware_msgs.git
    revision: c0bcee78433229d6f447342b9ca6bb228f2d1e75
  - path: autoware/autoware_adapi_msgs
    url: https://github.com/autowarefoundation/autoware_adapi_msgs.git
    revision: 34f89d088c2cf0ae7ca72f1a325ddb8308a0daeb
  - path: autoware/autoware_internal_msgs
    url: https://github.com/autowarefoundation/autoware_internal_msgs.git
    revision: 094122d37e56c7bfd8f3385307d345cfdb2123e6
  - path: autoware/tier4_autoware_msgs
    url: https://github.com/tier4/tier4_autoware_msgs.git
    revision: 325985ec9531d7732f84b6ebb654858a86b0d6a3
  - path: autoware/autoware_lanelet2_extension
    url: https://github.com/autowarefoundation/autoware_lanelet2_extension.git
    revision: 38b5af5ac8121989e018ef6e48a1d508119e0128
  - path: autoware/core
    url: https://github.com/tier4/autoware_core.git
    revision: f24f324ef73307b0da6a8959735ecc9aca5ff133
  - path: autoware/universe
    url: https://github.com/tier4/autoware_universe.git
    revision: 33376986f8f2213edb43cdd3db52479e071cff9d
  - path: autoware/launcher
    url: https://github.com/tier4/autoware_launch.x1.git
    revision: d9fa76bfb2201d6015c0544765d6bfa67430e7d2
  - path: autoware/managed_transform_buffer
    url: https://github.com/autowarefoundation/managed_transform_buffer.git
    revision: b12c9c11bccdb0ea24ac3665c91f0933ba43752f
  - path: vendor/nebula
    url: https://github.com/tier4/nebula.git
    revision: c3845a943964d19821fe635bd0e365129203e5ff
  - path: vendor/sync_tooling_msgs
    url: https://github.com/tier4/sync_tooling_msgs.git
    revision: 3fb181bffa38f35ffff4d54ada2a7e19afffe9b2
  - path: vendor/lslidar_ros2
    url: https://github.com/Lslidar/Lslidar_ROS2_driver.git
    revision: 08d692c2adf62f29b991fe44313b17840e4bea8b
  - path: vendor/hipnuc_products
    url: https://github.com/hipnuc/products.git
    revision: 5a4380272cd70402e7f8928b05a6af4bfa659807
  - path: vendor/nmea_msgs
    url: https://github.com/ros-drivers/nmea_msgs.git
    revision: 420cb44ec980f24216fffa2d491a72578c867efd
  - path: vendor/nmea_navsat_driver
    url: https://github.com/ros-drivers/nmea_navsat_driver.git
    revision: 6b1195aac34de64e88bcc476fd425900256095f1
  - path: whale_components
    url: git@gitee.com:shaobodang/whale_components.git
    revision: eef52bab445729a9c495c15f0d3c62b6a6f443ec
patches:
  - dependencies/patches/lslidar_ros2_clean_shutdown.patch
  - dependencies/patches/lslidar_ros2_humble_package_xml.patch
  - dependencies/patches/nmea_navsat_driver_clean_shutdown.patch
  - dependencies/patches/nmea_navsat_driver_tf_transformations.patch
  - dependencies/patches/tier4_localization_launch_gnss_enabled.patch
  - dependencies/patches/vehicle_cmd_gate_volatile_commands.patch
