schema_version: 1
vendor_workspace: /opt/ipg/carmaker/linux64-15.1/autoracer_hooke/vendor_ws
package_manifest: dependencies/vendor-packages.tsv
package_count: 99
repositories:
  - path: autoware/autoware_cmake
    url: https://github.com/autowarefoundation/autoware_cmake.git
    revision: 0e0794e034fe1b8fea6e3a0bbcb9d9b8cdba03ad
  - path: autoware/autoware_utils
    url: https://github.com/autowarefoundation/autoware_utils.git
    revision: f3c8f34264fe4812da406ab0390e65c95ec386ab
  - path: autoware/autoware_msgs
    url: https://github.com/autowarefoundation/autoware_msgs.git
    revision: c0bcee78433229d6f447342b9ca6bb228f2d1e75
  - path: autoware/autoware_adapi_msgs
    url: https://github.com/autowarefoundation/autoware_adapi_msgs.git
    revision: 34f89d088c2cf0ae7ca72f1a325ddb8308a0daeb
  - path: autoware/autoware_internal_msgs
    url: https://github.com/autowarefoundation/autoware_internal_msgs.git
    revision: 094122d37e56c7bfd8f3385307d345cfdb2123e6
  - path: autoware/tier4_autoware_msgs
    url: https://github.com/tier4/tier4_autoware_msgs.git
    revision: 325985ec9531d7732f84b6ebb654858a86b0d6a3
  - path: autoware/autoware_lanelet2_extension
    url: https://github.com/autowarefoundation/autoware_lanelet2_extension.git
    revision: 38b5af5ac8121989e018ef6e48a1d508119e0128
  - path: autoware/core
    url: https://github.com/tier4/autoware_core.git
    revision: f24f324ef73307b0da6a8959735ecc9aca5ff133
  - path: autoware/universe
    url: https://github.com/tier4/autoware_universe.git
    revision: 33376986f8f2213edb43cdd3db52479e071cff9d
  - path: autoware/launcher
    url: https://github.com/tier4/autoware_launch.x1.git
    revision: d9fa76bfb2201d6015c0544765d6bfa67430e7d2
  - path: autoware/managed_transform_buffer
    url: https://github.com/autowarefoundation/managed_transform_buffer.git
    revision: b12c9c11bccdb0ea24ac3665c91f0933ba43752f
  - path: vendor/nebula
    url: https://github.com/tier4/nebula.git
    revision: c3845a943964d19821fe635bd0e365129203e5ff
  - path: vendor/sync_tooling_msgs
    url: https://github.com/tier4/sync_tooling_msgs.git
    revision: 3fb181bffa38f35ffff4d54ada2a7e19afffe9b2
  - path: whale_components
    url: git@gitee.com:shaobodang/whale_components.git
    revision: eef52bab445729a9c495c15f0d3c62b6a6f443ec
patches:
  - dependencies/patches/vehicle_cmd_gate_volatile_commands.patch
  - dependencies/patches/pose_covariance_modifier_ndt_primary.patch
  - dependencies/patches/localization_gnss_initializer_switch.patch
  - dependencies/patches/pose_covariance_modifier_robust_research_v2.patch
  - dependencies/patches/pointcloud_preprocessor_deterministic_random_sample.patch
  - dependencies/patches/ekf_gnss_bias_state_v41.patch
  - dependencies/patches/ekf_gnss_bias_delay_tail_v42.patch
  - dependencies/patches/localization_ndt_executable_switch.patch
  - dependencies/patches/ekf_gnss_bias_delay_tail_block_copy_v43.patch
  - dependencies/patches/ekf_position_only_correlated_update_v47.patch
  - dependencies/patches/ekf_position_only_velocity_update_v48.patch
  - dependencies/patches/ekf_correlated_dual_projection_v56.patch
  - dependencies/patches/ekf_position_only_queue_isolation_v57.patch
  - dependencies/patches/ekf_standard_position_innovation_v85.patch
  - dependencies/patches/pose_covariance_modifier_standard_loose_coupling_v86.patch
  - dependencies/patches/pose_covariance_modifier_standard_integrity_v95.patch
  - dependencies/patches/pose_covariance_modifier_standard_integrity_v95_1.patch
  - dependencies/patches/pose_covariance_modifier_component_gated_height_v98.patch
  - dependencies/patches/pose_covariance_modifier_independent_recovery_v99.patch
  - dependencies/patches/pose_covariance_modifier_split_height_freshness_v100.patch
  - dependencies/patches/ekf_simple_1d_continuous_prediction_v101.patch
  - dependencies/patches/pose_covariance_modifier_official_ekf_compat_v106.patch
  - dependencies/patches/pointcloud_preprocessor_reliable_input_v106_12.patch
  - dependencies/patches/pose_covariance_modifier_latest_gnss_qos_v107_4.patch
  - dependencies/patches/pose_covariance_modifier_receiver_state_integrity_v108.patch
  - dependencies/patches/pose_covariance_modifier_source_specific_freshness_v110.patch
